{
    "_readme": [
        "This file locks the dependencies of your project to a known state",
        "Read more about it at https://getcomposer.org/doc/01-basic-usage.md#composer-lock-the-lock-file",
        "This file is @generated automatically"
    ],
    "content-hash": "f9930a22e069d9c6ad5cc493e96e7e88",
    "packages": [
        {
            "name": "gabordemooij/redbean",
            "version": "dev-master",
            "source": {
                "type": "git",
                "url": "https://github.com/gabordemooij/redbean.git",
                "reference": "935cc77ed8bd0f6589b0e296d644ef50c384cf68"
            },
            "dist": {
                "type": "zip",
                "url": "https://api.github.com/repos/gabordemooij/redbean/zipball/935cc77ed8bd0f6589b0e296d644ef50c384cf68",
                "reference": "935cc77ed8bd0f6589b0e296d644ef50c384cf68",
                "shasum": ""
            },
            "require": {
                "php": ">=5.3.4"
            },
            "type": "library",
            "autoload": {
                "psr-4": {
                    "RedBeanPHP\\": "RedBeanPHP"
                }
            },
            "notification-url": "https://packagist.org/downloads/",
            "license": [
                "New BSD and GPLv2"
            ],
            "authors": [
                {
                    "name": "Gabor de Mooij",
                    "email": "gabor@redbeanphp.com",
                    "homepage": "http://redbeanphp.com"
                }
            ],
            "description": "RedBeanPHP ORM",
            "homepage": "http://redbeanphp.com/",
            "keywords": [
                "orm"
            ],
            "time": "2017-06-20 10:05:43"
        },
        {
            "name": "restler/framework",
            "version": "3.0.0-RC6",
            "target-dir": "Luracast/Restler",
            "source": {
                "type": "git",
                "url": "https://github.com/Luracast/Restler-Framework.git",
                "reference": "9a9dca70061f4e6c6859e54461d282cd999f3dd2"
            },
            "dist": {
                "type": "zip",
                "url": "https://api.github.com/repos/Luracast/Restler-Framework/zipball/9a9dca70061f4e6c6859e54461d282cd999f3dd2",
                "reference": "9a9dca70061f4e6c6859e54461d282cd999f3dd2",
                "shasum": ""
            },
            "require": {
                "php": ">=5.3.0"
            },
            "replace": {
                "luracast/restler": "3.*"
            },
            "suggest": {
                "bshaffer/oauth2-server-php": "If you want to use OAuth2 for authentication",
                "illuminate/view": "If you want to use laravel blade templates with Html format",
                "mustache/mustache": "If you want to use mustache/handlebar templates with Html format",
                "rodneyrehm/plist": "If you need Apple plist binary/xml format",
                "symfony/yaml": "If you need YAML format",
                "twig/twig": "If you want to use twig templates with Html format",
                "zendframework/zendamf": "If you need AMF format"
            },
            "type": "library",
            "extra": {
                "branch-alias": {
                    "master": "v3.0.x-dev"
                }
            },
            "autoload": {
                "psr-0": {
                    "Luracast\\Restler": ""
                }
            },
            "notification-url": "https://packagist.org/downloads/",
            "license": [
                "LGPL-2.1"
            ],
            "authors": [
                {
                    "name": "Luracast",
                    "email": "arul@luracast.com"
                }
            ],
            "description": "Just the Restler Framework without the tests and examples",
            "homepage": "http://luracast.com/products/restler/",
            "keywords": [
                "api",
                "framework",
                "rest",
                "server"
            ],
            "time": "2015-06-12T08:08:37+00:00"
        },
        {
            "name": "symfony/yaml",
            "version": "3.4.x-dev",
            "source": {
                "type": "git",
                "url": "https://github.com/symfony/yaml.git",
                "reference": "519fb0872bb41e0f0c221ead8945eb12197bb034"
            },
            "dist": {
                "type": "zip",
                "url": "https://api.github.com/repos/symfony/yaml/zipball/519fb0872bb41e0f0c221ead8945eb12197bb034",
                "reference": "519fb0872bb41e0f0c221ead8945eb12197bb034",
                "shasum": ""
            },
            "require": {
                "php": ">=5.5.9"
            },
            "require-dev": {
                "symfony/console": "~2.8|~3.0|~4.0"
            },
            "suggest": {
                "symfony/console": "For validating YAML files using the lint command"
            },
            "type": "library",
            "extra": {
                "branch-alias": {
                    "dev-master": "3.4-dev"
                }
            },
            "autoload": {
                "psr-4": {
                    "Symfony\\Component\\Yaml\\": ""
                },
                "exclude-from-classmap": [
                    "/Tests/"
                ]
            },
            "notification-url": "https://packagist.org/downloads/",
            "license": [
                "MIT"
            ],
            "authors": [
                {
                    "name": "Fabien Potencier",
                    "email": "fabien@symfony.com"
                },
                {
                    "name": "Symfony Community",
                    "homepage": "https://symfony.com/contributors"
                }
            ],
            "description": "Symfony Yaml Component",
            "homepage": "https://symfony.com",
            "time": "2017-07-03 10:20:17"
        }
    ],
    "packages-dev": [],
    "aliases": [],
    "minimum-stability": "dev",
    "stability-flags": {
        "gabordemooij/redbean": 20,
        "symfony/yaml": 20
    },
    "prefer-stable": false,
    "prefer-lowest": false,
    "platform": [],
    "platform-dev": []
}
